// !$*UTF8*$!
{
	archiveVersion = 1;
	classes = {
	};
	objectVersion = 50;
	objects = {

/* Begin PBXBuildFile section */
		BC1A60BD26538D0300ACF455 /* AppDelegate.m in Sources */ = {isa = PBXBuildFile; fileRef = BC1A60BC26538D0300ACF455 /* AppDelegate.m */; };
		BC1A60C026538D0300ACF455 /* SceneDelegate.m in Sources */ = {isa = PBXBuildFile; fileRef = BC1A60BF26538D0300ACF455 /* SceneDelegate.m */; };
		BC1A60C326538D0300ACF455 /* ViewController.m in Sources */ = {isa = PBXBuildFile; fileRef = BC1A60C226538D0300ACF455 /* ViewController.m */; };
		BC1A60C626538D0300ACF455 /* Main.storyboard in Resources */ = {isa = PBXBuildFile; fileRef = BC1A60C426538D0300ACF455 /* Main.storyboard */; };
		BC1A60C826538D0400ACF455 /* Assets.xcassets in Resources */ = {isa = PBXBuildFile; fileRef = BC1A60C726538D0400ACF455 /* Assets.xcassets */; };
		BC1A60CB26538D0400ACF455 /* LaunchScreen.storyboard in Resources */ = {isa = PBXBuildFile; fileRef = BC1A60C926538D0400ACF455 /* LaunchScreen.storyboard */; };
		BC1A60CE26538D0400ACF455 /* main.m in Sources */ = {isa = PBXBuildFile; fileRef = BC1A60CD26538D0400ACF455 /* main.m */; };
		BC1A60DC26538D8E00ACF455 /* NSObject+KVC.m in Sources */ = {isa = PBXBuildFile; fileRef = BC1A60DB26538D8E00ACF455 /* NSObject+KVC.m */; };
		BC1A60E1265393AA00ACF455 /* Person.m in Sources */ = {isa = PBXBuildFile; fileRef = BC1A60E0265393AA00ACF455 /* Person.m */; };
/* End PBXBuildFile section */

/* Begin PBXFileReference section */
		BC1A60B826538D0300ACF455 /* CustomCategoryDemo.app */ = {isa = PBXFileReference; explicitFileType = wrapper.application; includeInIndex = 0; path = CustomCategoryDemo.app; sourceTree = BUILT_PRODUCTS_DIR; };
		BC1A60BB26538D0300ACF455 /* AppDelegate.h */ = {isa = PBXFileReference; lastKnownFileType = sourcecode.c.h; path = AppDelegate.h; sourceTree = "<group>"; };
		BC1A60BC26538D0300ACF455 /* AppDelegate.m */ = {isa = PBXFileReference; lastKnownFileType = sourcecode.c.objc; path = AppDelegate.m; sourceTree = "<group>"; };
		BC1A60BE26538D0300ACF455 /* SceneDelegate.h */ = {isa = PBXFileReference; lastKnownFileType = sourcecode.c.h; path = SceneDelegate.h; sourceTree = "<group>"; };
		BC1A60BF26538D0300ACF455 /* SceneDelegate.m */ = {isa = PBXFileReference; lastKnownFileType = sourcecode.c.objc; path = SceneDelegate.m; sourceTree = "<group>"; };
		BC1A60C126538D0300ACF455 /* ViewController.h */ = {isa = PBXFileReference; lastKnownFileType = sourcecode.c.h; path = ViewController.h; sourceTree = "<group>"; };
		BC1A60C226538D0300ACF455 /* ViewController.m */ = {isa = PBXFileReference; lastKnownFileType = sourcecode.c.objc; path = ViewController.m; sourceTree = "<group>"; };
		BC1A60C526538D0300ACF455 /* Base */ = {isa = PBXFileReference; lastKnownFileType = file.storyboard; name = Base; path = Base.lproj/Main.storyboard; sourceTree = "<group>"; };
		BC1A60C726538D0400ACF455 /* Assets.xcassets */ = {isa = PBXFileReference; lastKnownFileType = folder.assetcatalog; path = Assets.xcassets; sourceTree = "<group>"; };
		BC1A60CA26538D0400ACF455 /* Base */ = {isa = PBXFileReference; lastKnownFileType = file.storyboard; name = Base; path = Base.lproj/LaunchScreen.storyboard; sourceTree = "<group>"; };
		BC1A60CC26538D0400ACF455 /* Info.plist */ = {isa = PBXFileReference; lastKnownFileType = text.plist.xml; path = Info.plist; sourceTree = "<group>"; };
		BC1A60CD26538D0400ACF455 /* main.m */ = {isa = PBXFileReference; lastKnownFileType = sourcecode.c.objc; path = main.m; sourceTree = "<group>"; };
		BC1A60DA26538D8E00ACF455 /* NSObject+KVC.h */ = {isa = PBXFileReference; lastKnownFileType = sourcecode.c.h; path = "NSObject+KVC.h"; sourceTree = "<group>"; };
		BC1A60DB26538D8E00ACF455 /* NSObject+KVC.m */ = {isa = PBXFileReference; lastKnownFileType = sourcecode.c.objc; path = "NSObject+KVC.m"; sourceTree = "<group>"; };
		BC1A60DF265393AA00ACF455 /* Person.h */ = {isa = PBXFileReference; lastKnownFileType = sourcecode.c.h; path = Person.h; sourceTree = "<group>"; };
		BC1A60E0265393AA00ACF455 /* Person.m */ = {isa = PBXFileReference; lastKnownFileType = sourcecode.c.objc; path = Person.m; sourceTree = "<group>"; };
/* End PBXFileReference section */

/* Begin PBXFrameworksBuildPhase section */
		BC1A60B526538D0300ACF455 /* Frameworks */ = {
			isa = PBXFrameworksBuildPhase;
			buildActionMask = 2147483647;
			files = (
			);
			runOnlyForDeploymentPostprocessing = 0;
		};
/* End PBXFrameworksBuildPhase section */

/* Begin PBXGroup section */
		BC1A60AF26538D0300ACF455 = {
			isa = PBXGroup;
			children = (
				BC1A60BA26538D0300ACF455 /* CustomCategoryDemo */,
				BC1A60B926538D0300ACF455 /* Products */,
			);
			sourceTree = "<group>";
		};
		BC1A60B926538D0300ACF455 /* Products */ = {
			isa = PBXGroup;
			children = (
				BC1A60B826538D0300ACF455 /* CustomCategoryDemo.app */,
			);
			name = Products;
			sourceTree = "<group>";
		};
		BC1A60BA26538D0300ACF455 /* CustomCategoryDemo */ = {
			isa = PBXGroup;
			children = (
				BC1A60BB26538D0300ACF455 /* AppDelegate.h */,
				BC1A60BC26538D0300ACF455 /* AppDelegate.m */,
				BC1A60BE26538D0300ACF455 /* SceneDelegate.h */,
				BC1A60BF26538D0300ACF455 /* SceneDelegate.m */,
				BC1A60C126538D0300ACF455 /* ViewController.h */,
				BC1A60C226538D0300ACF455 /* ViewController.m */,
				BC1A60C426538D0300ACF455 /* Main.storyboard */,
				BC1A60C726538D0400ACF455 /* Assets.xcassets */,
				BC1A60C926538D0400ACF455 /* LaunchScreen.storyboard */,
				BC1A60CC26538D0400ACF455 /* Info.plist */,
				BC1A60CD26538D0400ACF455 /* main.m */,
				BC1A60DA26538D8E00ACF455 /* NSObject+KVC.h */,
				BC1A60DB26538D8E00ACF455 /* NSObject+KVC.m */,
				BC1A60DF265393AA00ACF455 /* Person.h */,
				BC1A60E0265393AA00ACF455 /* Person.m */,
			);
			path = CustomCategoryDemo;
			sourceTree = "<group>";
		};
/* End PBXGroup section */

/* Begin PBXNativeTarget section */
		BC1A60B726538D0300ACF455 /* CustomCategoryDemo */ = {
			isa = PBXNativeTarget;
			buildConfigurationList = BC1A60D126538D0400ACF455 /* Build configuration list for PBXNativeTarget "CustomCategoryDemo" */;
			buildPhases = (
				BC1A60B426538D0300ACF455 /* Sources */,
				BC1A60B526538D0300ACF455 /* Frameworks */,
				BC1A60B626538D0300ACF455 /* Resources */,
			);
			buildRules = (
			);
			dependencies = (
			);
			name = CustomCategoryDemo;
			productName = CustomCategoryDemo;
			productReference = BC1A60B826538D0300ACF455 /* CustomCategoryDemo.app */;
			productType = "com.apple.product-type.application";
		};
/* End PBXNativeTarget section */

/* Begin PBXProject section */
		BC1A60B026538D0300ACF455 /* Project object */ = {
			isa = PBXProject;
			attributes = {
				LastUpgradeCheck = 1230;
				TargetAttributes = {
					BC1A60B726538D0300ACF455 = {
						CreatedOnToolsVersion = 12.3;
					};
				};
			};
			buildConfigurationList = BC1A60B326538D0300ACF455 /* Build configuration list for PBXProject "CustomCategoryDemo" */;
			compatibilityVersion = "Xcode 9.3";
			developmentRegion = en;
			hasScannedForEncodings = 0;
			knownRegions = (
				en,
				Base,
			);
			mainGroup = BC1A60AF26538D0300ACF455;
			productRefGroup = BC1A60B926538D0300ACF455 /* Products */;
			projectDirPath = "";
			projectRoot = "";
			targets = (
				BC1A60B726538D0300ACF455 /* CustomCategoryDemo */,
			);
		};
/* End PBXProject section */

/* Begin PBXResourcesBuildPhase section */
		BC1A60B626538D0300ACF455 /* Resources */ = {
			isa = PBXResourcesBuildPhase;
			buildActionMask = 2147483647;
			files = (
				BC1A60CB26538D0400ACF455 /* LaunchScreen.storyboard in Resources */,
				BC1A60C826538D0400ACF455 /* Assets.xcassets in Resources */,
				BC1A60C626538D0300ACF455 /* Main.storyboard in Resources */,
			);
			runOnlyForDeploymentPostprocessing = 0;
		};
/* End PBXResourcesBuildPhase section */

/* Begin PBXSourcesBuildPhase section */
		BC1A60B426538D0300ACF455 /* Sources */ = {
			isa = PBXSourcesBuildPhase;
			buildActionMask = 2147483647;
			files = (
				BC1A60E1265393AA00ACF455 /* Person.m in Sources */,
				BC1A60C326538D0300ACF455 /* ViewController.m in Sources */,
				BC1A60BD26538D0300ACF455 /* AppDelegate.m in Sources */,
				BC1A60DC26538D8E00ACF455 /* NSObject+KVC.m in Sources */,
				BC1A60CE26538D0400ACF455 /* main.m in Sources */,
				BC1A60C026538D0300ACF455 /* SceneDelegate.m in Sources */,
			);
			runOnlyForDeploymentPostprocessing = 0;
		};
/* End PBXSourcesBuildPhase section */

/* Begin PBXVariantGroup section */
		BC1A60C426538D0300ACF455 /* Main.storyboard */ = {
			isa = PBXVariantGroup;
			children = (
				BC1A60C526538D0300ACF455 /* Base */,
			);
			name = Main.storyboard;
			sourceTree = "<group>";
		};
		BC1A60C926538D0400ACF455 /* LaunchScreen.storyboard */ = {
			isa = PBXVariantGroup;
			children = (
				BC1A60CA26538D0400ACF455 /* Base */,
			);
			name = LaunchScreen.storyboard;
			sourceTree = "<group>";
		};
/* End PBXVariantGroup section */

/* Begin XCBuildConfiguration section */
		BC1A60CF26538D0400ACF455 /* Debug */ = {
			isa = XCBuildConfiguration;
			buildSettings = {
				ALWAYS_SEARCH_USER_PATHS = NO;
				CLANG_ANALYZER_NONNULL = YES;
				CLANG_ANALYZER_NUMBER_OBJECT_CONVERSION = YES_AGGRESSIVE;
				CLANG_CXX_LANGUAGE_STANDARD = "gnu++14";
				CLANG_CXX_LIBRARY = "libc++";
				CLANG_ENABLE_MODULES = YES;
				CLANG_ENABLE_OBJC_ARC = YES;
				CLANG_ENABLE_OBJC_WEAK = YES;
				CLANG_WARN_BLOCK_CAPTURE_AUTORELEASING = YES;
				CLANG_WARN_BOOL_CONVERSION = YES;
				CLANG_WARN_COMMA = YES;
				CLANG_WARN_CONSTANT_CONVERSION = YES;
				CLANG_WARN_DEPRECATED_OBJC_IMPLEMENTATIONS = YES;
				CLANG_WARN_DIRECT_OBJC_ISA_USAGE = YES_ERROR;
				CLANG_WARN_DOCUMENTATION_COMMENTS = YES;
				CLANG_WARN_EMPTY_BODY = YES;
				CLANG_WARN_ENUM_CONVERSION = YES;
				CLANG_WARN_INFINITE_RECURSION = YES;
				CLANG_WARN_INT_CONVERSION = YES;
				CLANG_WARN_NON_LITERAL_NULL_CONVERSION = YES;
				CLANG_WARN_OBJC_IMPLICIT_RETAIN_SELF = YES;
				CLANG_WARN_OBJC_LITERAL_CONVERSION = YES;
				CLANG_WARN_OBJC_ROOT_CLASS = YES_ERROR;
				CLANG_WARN_QUOTED_INCLUDE_IN_FRAMEWORK_HEADER = YES;
				CLANG_WARN_RANGE_LOOP_ANALYSIS = YES;
				CLANG_WARN_STRICT_PROTOTYPES = YES;
				CLANG_WARN_SUSPICIOUS_MOVE = YES;
				CLANG_WARN_UNGUARDED_AVAILABILITY = YES_AGGRESSIVE;
				CLANG_WARN_UNREACHABLE_CODE = YES;
				CLANG_WARN__DUPLICATE_METHOD_MATCH = YES;
				COPY_PHASE_STRIP = NO;
				DEBUG_INFORMATION_FORMAT = dwarf;
				ENABLE_STRICT_OBJC_MSGSEND = YES;
				ENABLE_TESTABILITY = YES;
				GCC_C_LANGUAGE_STANDARD = gnu11;
				GCC_DYNAMIC_NO_PIC = NO;
				GCC_NO_COMMON_BLOCKS = YES;
				GCC_OPTIMIZATION_LEVEL = 0;
				GCC_PREPROCESSOR_DEFINITIONS = (
					"DEBUG=1",
					"$(inherited)",
				);
				GCC_WARN_64_TO_32_BIT_CONVERSION = YES;
				GCC_WARN_ABOUT_RETURN_TYPE = YES_ERROR;
				GCC_WARN_UNDECLARED_SELECTOR = YES;
				GCC_WARN_UNINITIALIZED_AUTOS = YES_AGGRESSIVE;
				GCC_WARN_UNUSED_FUNCTION = YES;
				GCC_WARN_UNUSED_VARIABLE = YES;
				IPHONEOS_DEPLOYMENT_TARGET = 14.3;
				MTL_ENABLE_DEBUG_INFO = INCLUDE_SOURCE;
				MTL_FAST_MATH = YES;
				ONLY_ACTIVE_ARCH = YES;
				SDKROOT = iphoneos;
			};
			name = Debug;
		};
		BC1A60D026538D0400ACF455 /* Release */ = {
			isa = XCBuildConfiguration;
			buildSettings = {
				ALWAYS_SEARCH_USER_PATHS = NO;
				CLANG_ANALYZER_NONNULL = YES;
				CLANG_ANALYZER_NUMBER_OBJECT_CONVERSION = YES_AGGRESSIVE;
				CLANG_CXX_LANGUAGE_STANDARD = "gnu++14";
				CLANG_CXX_LIBRARY = "libc++";
				CLANG_ENABLE_MODULES = YES;
				CLANG_ENABLE_OBJC_ARC = YES;
				CLANG_ENABLE_OBJC_WEAK = YES;
				CLANG_WARN_BLOCK_CAPTURE_AUTORELEASING = YES;
				CLANG_WARN_BOOL_CONVERSION = YES;
				CLANG_WARN_COMMA = YES;
				CLANG_WARN_CONSTANT_CONVERSION = YES;
				CLANG_WARN_DEPRECATED_OBJC_IMPLEMENTATIONS = YES;
				CLANG_WARN_DIRECT_OBJC_ISA_USAGE = YES_ERROR;
				CLANG_WARN_DOCUMENTATION_COMMENTS = YES;
				CLANG_WARN_EMPTY_BODY = YES;
				CLANG_WARN_ENUM_CONVERSION = YES;
				CLANG_WARN_INFINITE_RECURSION = YES;
				CLANG_WARN_INT_CONVERSION = YES;
				CLANG_WARN_NON_LITERAL_NULL_CONVERSION = YES;
				CLANG_WARN_OBJC_IMPLICIT_RETAIN_SELF = YES;
				CLANG_WARN_OBJC_LITERAL_CONVERSION = YES;
				CLANG_WARN_OBJC_ROOT_CLASS = YES_ERROR;
				CLANG_WARN_QUOTED_INCLUDE_IN_FRAMEWORK_HEADER = YES;
				CLANG_WARN_RANGE_LOOP_ANALYSIS = YES;
				CLANG_WARN_STRICT_PROTOTYPES = YES;
				CLANG_WARN_SUSPICIOUS_MOVE = YES;
				CLANG_WARN_UNGUARDED_AVAILABILITY = YES_AGGRESSIVE;
				CLANG_WARN_UNREACHABLE_CODE = YES;
				CLANG_WARN__DUPLICATE_METHOD_MATCH = YES;
				COPY_PHASE_STRIP = NO;
				DEBUG_INFORMATION_FORMAT = "dwarf-with-dsym";
				ENABLE_NS_ASSERTIONS = NO;
				ENABLE_STRICT_OBJC_MSGSEND = YES;
				GCC_C_LANGUAGE_STANDARD = gnu11;
				GCC_NO_COMMON_BLOCKS = YES;
				GCC_WARN_64_TO_32_BIT_CONVERSION = YES;
				GCC_WARN_ABOUT_RETURN_TYPE = YES_ERROR;
				GCC_WARN_UNDECLARED_SELECTOR = YES;
				GCC_WARN_UNINITIALIZED_AUTOS = YES_AGGRESSIVE;
				GCC_WARN_UNUSED_FUNCTION = YES;
				GCC_WARN_UNUSED_VARIABLE = YES;
				IPHONEOS_DEPLOYMENT_TARGET = 14.3;
				MTL_ENABLE_DEBUG_INFO = NO;
				MTL_FAST_MATH = YES;
				SDKROOT = iphoneos;
				VALIDATE_PRODUCT = YES;
			};
			name = Release;
		};
		BC1A60D226538D0400ACF455 /* Debug */ = {
			isa = XCBuildConfiguration;
			buildSettings = {
				ASSETCATALOG_COMPILER_APPICON_NAME = AppIcon;
				ASSETCATALOG_COMPILER_GLOBAL_ACCENT_COLOR_NAME = AccentColor;
				CODE_SIGN_STYLE = Automatic;
				DEVELOPMENT_TEAM = EDLGAX2G53;
				INFOPLIST_FILE = CustomCategoryDemo/Info.plist;
				LD_RUNPATH_SEARCH_PATHS = (
					"$(inherited)",
					"@executable_path/Frameworks",
				);
				PRODUCT_BUNDLE_IDENTIFIER = com.ruiting.CustomCategoryDemo;
				PRODUCT_NAME = "$(TARGET_NAME)";
				TARGETED_DEVICE_FAMILY = "1,2";
			};
			name = Debug;
		};
		BC1A60D326538D0400ACF455 /* Release */ = {
			isa = XCBuildConfiguration;
			buildSettings = {
				ASSETCATALOG_COMPILER_APPICON_NAME = AppIcon;
				ASSETCATALOG_COMPILER_GLOBAL_ACCENT_COLOR_NAME = AccentColor;
				CODE_SIGN_STYLE = Automatic;
				DEVELOPMENT_TEAM = EDLGAX2G53;
				INFOPLIST_FILE = CustomCategoryDemo/Info.plist;
				LD_RUNPATH_SEARCH_PATHS = (
					"$(inherited)",
					"@executable_path/Frameworks",
				);
				PRODUCT_BUNDLE_IDENTIFIER = com.ruiting.CustomCategoryDemo;
				PRODUCT_NAME = "$(TARGET_NAME)";
				TARGETED_DEVICE_FAMILY = "1,2";
			};
			name = Release;
		};
/* End XCBuildConfiguration section */

/* Begin XCConfigurationList section */
		BC1A60B326538D0300ACF455 /* Build configuration list for PBXProject "CustomCategoryDemo" */ = {
			isa = XCConfigurationList;
			buildConfigurations = (
				BC1A60CF26538D0400ACF455 /* Debug */,
				BC1A60D026538D0400ACF455 /* Release */,
			);
			defaultConfigurationIsVisible = 0;
			defaultConfigurationName = Release;
		};
		BC1A60D126538D0400ACF455 /* Build configuration list for PBXNativeTarget "CustomCategoryDemo" */ = {
			isa = XCConfigurationList;
			buildConfigurations = (
				BC1A60D226538D0400ACF455 /* Debug */,
				BC1A60D326538D0400ACF455 /* Release */,
			);
			defaultConfigurationIsVisible = 0;
			defaultConfigurationName = Release;
		};
/* End XCConfigurationList section */
	};
	rootObject = BC1A60B026538D0300ACF455 /* Project object */;
}
